# This file is automatically @generated by Cargo.
# It is not intended for manual editing.
version = 4

[[package]]
name = "discordbot_Thread2Channel"
version = "0.1.0"
dependencies = [
 "twilight",
]

[[package]]
name = "twilight"
version = "0.16.0"
source = "registry+https://github.com/rust-lang/crates.io-index"
checksum = "a9512158109962800857f41459fe244cc981c424d81e131e452e5385a15e61c6"
